// !$*UTF8*$!
{
	archiveVersion = 1;
	classes = {
	};
	objectVersion = 46;
	objects = {

/* Begin PBXBuildFile section */
		2DDA90CC1AF888B500ADA5E8 /* main.m in Sources */ = {isa = PBXBuildFile; fileRef = 2DDA90CB1AF888B500ADA5E8 /* main.m */; };
		2DDA90CF1AF888B500ADA5E8 /* AppDelegate.m in Sources */ = {isa = PBXBuildFile; fileRef = 2DDA90CE1AF888B500ADA5E8 /* AppDelegate.m */; };
		2DDA90D21AF888B500ADA5E8 /* ViewController.m in Sources */ = {isa = PBXBuildFile; fileRef = 2DDA90D11AF888B500ADA5E8 /* ViewController.m */; };
		2DDA90D51AF888B500ADA5E8 /* Main.storyboard in Resources */ = {isa = PBXBuildFile; fileRef = 2DDA90D31AF888B500ADA5E8 /* Main.storyboard */; };
		2DDA90D71AF888B500ADA5E8 /* Images.xcassets in Resources */ = {isa = PBXBuildFile; fileRef = 2DDA90D61AF888B500ADA5E8 /* Images.xcassets */; };
		2DDA90DA1AF888B500ADA5E8 /* LaunchScreen.xib in Resources */ = {isa = PBXBuildFile; fileRef = 2DDA90D81AF888B500ADA5E8 /* LaunchScreen.xib */; };
		2DDA90E61AF888B500ADA5E8 /* TestAppTests.m in Sources */ = {isa = PBXBuildFile; fileRef = 2DDA90E51AF888B500ADA5E8 /* TestAppTests.m */; };
/* End PBXBuildFile section */

/* Begin PBXContainerItemProxy section */
		2DDA90E01AF888B500ADA5E8 /* PBXContainerItemProxy */ = {
			isa = PBXContainerItemProxy;
			containerPortal = 2DDA90BE1AF888B400ADA5E8 /* Project object */;
			proxyType = 1;
			remoteGlobalIDString = 2DDA90C51AF888B500ADA5E8;
			remoteInfo = TestApp;
		};
/* End PBXContainerItemProxy section */

/* Begin PBXFileReference section */
		2DDA90C61AF888B500ADA5E8 /* TestApp.app */ = {isa = PBXFileReference; explicitFileType = wrapper.application; includeInIndex = 0; path = TestApp.app; sourceTree = BUILT_PRODUCTS_DIR; };
		2DDA90CA1AF888B500ADA5E8 /* Info.plist */ = {isa = PBXFileReference; lastKnownFileType = text.plist.xml; path = Info.plist; sourceTree = "<group>"; };
		2DDA90CB1AF888B500ADA5E8 /* main.m */ = {isa = PBXFileReference; lastKnownFileType = sourcecode.c.objc; path = main.m; sourceTree = "<group>"; };
		2DDA90CD1AF888B500ADA5E8 /* AppDelegate.h */ = {isa = PBXFileReference; lastKnownFileType = sourcecode.c.h; path = AppDelegate.h; sourceTree = "<group>"; };
		2DDA90CE1AF888B500ADA5E8 /* AppDelegate.m */ = {isa = PBXFileReference; lastKnownFileType = sourcecode.c.objc; path = AppDelegate.m; sourceTree = "<group>"; };
		2DDA90D01AF888B500ADA5E8 /* ViewController.h */ = {isa = PBXFileReference; lastKnownFileType = sourcecode.c.h; path = ViewController.h; sourceTree = "<group>"; };
		2DDA90D11AF888B500ADA5E8 /* ViewController.m */ = {isa = PBXFileReference; lastKnownFileType = sourcecode.c.objc; path = ViewController.m; sourceTree = "<group>"; };
		2DDA90D41AF888B500ADA5E8 /* Base */ = {isa = PBXFileReference; lastKnownFileType = file.storyboard; name = Base; path = Base.lproj/Main.storyboard; sourceTree = "<group>"; };
		2DDA90D61AF888B500ADA5E8 /* Images.xcassets */ = {isa = PBXFileReference; lastKnownFileType = folder.assetcatalog; path = Images.xcassets; sourceTree = "<group>"; };
		2DDA90D91AF888B500ADA5E8 /* Base */ = {isa = PBXFileReference; lastKnownFileType = file.xib; name = Base; path = Base.lproj/LaunchScreen.xib; sourceTree = "<group>"; };
		2DDA90DF1AF888B500ADA5E8 /* TestAppTests.xctest */ = {isa = PBXFileReference; explicitFileType = wrapper.cfbundle; includeInIndex = 0; path = TestAppTests.xctest; sourceTree = BUILT_PRODUCTS_DIR; };
		2DDA90E41AF888B500ADA5E8 /* Info.plist */ = {isa = PBXFileReference; lastKnownFileType = text.plist.xml; path = Info.plist; sourceTree = "<group>"; };
		2DDA90E51AF888B500ADA5E8 /* TestAppTests.m */ = {isa = PBXFileReference; lastKnownFileType = sourcecode.c.objc; path = TestAppTests.m; sourceTree = "<group>"; };
/* End PBXFileReference section */

/* Begin PBXFrameworksBuildPhase section */
		2DDA90C31AF888B500ADA5E8 /* Frameworks */ = {
			isa = PBXFrameworksBuildPhase;
			buildActionMask = 2147483647;
			files = (
			);
			runOnlyForDeploymentPostprocessing = 0;
		};
		2DDA90DC1AF888B500ADA5E8 /* Frameworks */ = {
			isa = PBXFrameworksBuildPhase;
			buildActionMask = 2147483647;
			files = (
			);
			runOnlyForDeploymentPostprocessing = 0;
		};
/* End PBXFrameworksBuildPhase section */

/* Begin PBXGroup section */
		2DDA90BD1AF888B400ADA5E8 = {
			isa = PBXGroup;
			children = (
				2DDA90C81AF888B500ADA5E8 /* TestApp */,
				2DDA90E21AF888B500ADA5E8 /* TestAppTests */,
				2DDA90C71AF888B500ADA5E8 /* Products */,
			);
			sourceTree = "<group>";
		};
		2DDA90C71AF888B500ADA5E8 /* Products */ = {
			isa = PBXGroup;
			children = (
				2DDA90C61AF888B500ADA5E8 /* TestApp.app */,
				2DDA90DF1AF888B500ADA5E8 /* TestAppTests.xctest */,
			);
			name = Products;
			sourceTree = "<group>";
		};
		2DDA90C81AF888B500ADA5E8 /* TestApp */ = {
			isa = PBXGroup;
			children = (
				2DDA90CD1AF888B500ADA5E8 /* AppDelegate.h */,
				2DDA90CE1AF888B500ADA5E8 /* AppDelegate.m */,
				2DDA90D01AF888B500ADA5E8 /* ViewController.h */,
				2DDA90D11AF888B500ADA5E8 /* ViewController.m */,
				2DDA90D31AF888B500ADA5E8 /* Main.storyboard */,
				2DDA90D61AF888B500ADA5E8 /* Images.xcassets */,
				2DDA90D81AF888B500ADA5E8 /* LaunchScreen.xib */,
				2DDA90C91AF888B500ADA5E8 /* Supporting Files */,
			);
			path = TestApp;
			sourceTree = "<group>";
		};
		2DDA90C91AF888B500ADA5E8 /* Supporting Files */ = {
			isa = PBXGroup;
			children = (
				2DDA90CA1AF888B500ADA5E8 /* Info.plist */,
				2DDA90CB1AF888B500ADA5E8 /* main.m */,
			);
			name = "Supporting Files";
			sourceTree = "<group>";
		};
		2DDA90E21AF888B500ADA5E8 /* TestAppTests */ = {
			isa = PBXGroup;
			children = (
				2DDA90E51AF888B500ADA5E8 /* TestAppTests.m */,
				2DDA90E31AF888B500ADA5E8 /* Supporting Files */,
			);
			path = TestAppTests;
			sourceTree = "<group>";
		};
		2DDA90E31AF888B500ADA5E8 /* Supporting Files */ = {
			isa = PBXGroup;
			children = (
				2DDA90E41AF888B500ADA5E8 /* Info.plist */,
			);
			name = "Supporting Files";
			sourceTree = "<group>";
		};
/* End PBXGroup section */

/* Begin PBXNativeTarget section */
		2DDA90C51AF888B500ADA5E8 /* TestApp */ = {
			isa = PBXNativeTarget;
			buildConfigurationList = 2DDA90E91AF888B500ADA5E8 /* Build configuration list for PBXNativeTarget "TestApp" */;
			buildPhases = (
				2DDA90C21AF888B500ADA5E8 /* Sources */,
				2DDA90C31AF888B500ADA5E8 /* Frameworks */,
				2DDA90C41AF888B500ADA5E8 /* Resources */,
			);
			buildRules = (
			);
			dependencies = (
			);
			name = TestApp;
			productName = TestApp;
			productReference = 2DDA90C61AF888B500ADA5E8 /* TestApp.app */;
			productType = "com.apple.product-type.application";
		};
		2DDA90DE1AF888B500ADA5E8 /* TestAppTests */ = {
			isa = PBXNativeTarget;
			buildConfigurationList = 2DDA90EC1AF888B500ADA5E8 /* Build configuration list for PBXNativeTarget "TestAppTests" */;
			buildPhases = (
				2DDA90DB1AF888B500ADA5E8 /* Sources */,
				2DDA90DC1AF888B500ADA5E8 /* Frameworks */,
				2DDA90DD1AF888B500ADA5E8 /* Resources */,
			);
			buildRules = (
			);
			dependencies = (
				2DDA90E11AF888B500ADA5E8 /* PBXTargetDependency */,
			);
			name = TestAppTests;
			productName = TestAppTests;
			productReference = 2DDA90DF1AF888B500ADA5E8 /* TestAppTests.xctest */;
			productType = "com.apple.product-type.bundle.unit-test";
		};
/* End PBXNativeTarget section */

/* Begin PBXProject section */
		2DDA90BE1AF888B400ADA5E8 /* Project object */ = {
			isa = PBXProject;
			attributes = {
				LastUpgradeCheck = 0610;
				ORGANIZATIONNAME = Ranjeeta;
				TargetAttributes = {
					2DDA90C51AF888B500ADA5E8 = {
						CreatedOnToolsVersion = 6.1.1;
					};
					2DDA90DE1AF888B500ADA5E8 = {
						CreatedOnToolsVersion = 6.1.1;
						TestTargetID = 2DDA90C51AF888B500ADA5E8;
					};
				};
			};
			buildConfigurationList = 2DDA90C11AF888B400ADA5E8 /* Build configuration list for PBXProject "TestApp" */;
			compatibilityVersion = "Xcode 3.2";
			developmentRegion = English;
			hasScannedForEncodings = 0;
			knownRegions = (
				en,
				Base,
			);
			mainGroup = 2DDA90BD1AF888B400ADA5E8;
			productRefGroup = 2DDA90C71AF888B500ADA5E8 /* Products */;
			projectDirPath = "";
			projectRoot = "";
			targets = (
				2DDA90C51AF888B500ADA5E8 /* TestApp */,
				2DDA90DE1AF888B500ADA5E8 /* TestAppTests */,
			);
		};
/* End PBXProject section */

/* Begin PBXResourcesBuildPhase section */
		2DDA90C41AF888B500ADA5E8 /* Resources */ = {
			isa = PBXResourcesBuildPhase;
			buildActionMask = 2147483647;
			files = (
				2DDA90D51AF888B500ADA5E8 /* Main.storyboard in Resources */,
				2DDA90DA1AF888B500ADA5E8 /* LaunchScreen.xib in Resources */,
				2DDA90D71AF888B500ADA5E8 /* Images.xcassets in Resources */,
			);
			runOnlyForDeploymentPostprocessing = 0;
		};
		2DDA90DD1AF888B500ADA5E8 /* Resources */ = {
			isa = PBXResourcesBuildPhase;
			buildActionMask = 2147483647;
			files = (
			);
			runOnlyForDeploymentPostprocessing = 0;
		};
/* End PBXResourcesBuildPhase section */

/* Begin PBXSourcesBuildPhase section */
		2DDA90C21AF888B500ADA5E8 /* Sources */ = {
			isa = PBXSourcesBuildPhase;
			buildActionMask = 2147483647;
			files = (
				2DDA90D21AF888B500ADA5E8 /* ViewController.m in Sources */,
				2DDA90CF1AF888B500ADA5E8 /* AppDelegate.m in Sources */,
				2DDA90CC1AF888B500ADA5E8 /* main.m in Sources */,
			);
			runOnlyForDeploymentPostprocessing = 0;
		};
		2DDA90DB1AF888B500ADA5E8 /* Sources */ = {
			isa = PBXSourcesBuildPhase;
			buildActionMask = 2147483647;
			files = (
				2DDA90E61AF888B500ADA5E8 /* TestAppTests.m in Sources */,
			);
			runOnlyForDeploymentPostprocessing = 0;
		};
/* End PBXSourcesBuildPhase section */

/* Begin PBXTargetDependency section */
		2DDA90E11AF888B500ADA5E8 /* PBXTargetDependency */ = {
			isa = PBXTargetDependency;
			target = 2DDA90C51AF888B500ADA5E8 /* TestApp */;
			targetProxy = 2DDA90E01AF888B500ADA5E8 /* PBXContainerItemProxy */;
		};
/* End PBXTargetDependency section */

/* Begin PBXVariantGroup section */
		2DDA90D31AF888B500ADA5E8 /* Main.storyboard */ = {
			isa = PBXVariantGroup;
			children = (
				2DDA90D41AF888B500ADA5E8 /* Base */,
			);
			name = Main.storyboard;
			sourceTree = "<group>";
		};
		2DDA90D81AF888B500ADA5E8 /* LaunchScreen.xib */ = {
			isa = PBXVariantGroup;
			children = (
				2DDA90D91AF888B500ADA5E8 /* Base */,
			);
			name = LaunchScreen.xib;
			sourceTree = "<group>";
		};
/* End PBXVariantGroup section */

/* Begin XCBuildConfiguration section */
		2DDA90E71AF888B500ADA5E8 /* Debug */ = {
			isa = XCBuildConfiguration;
			buildSettings = {
				ALWAYS_SEARCH_USER_PATHS = NO;
				CLANG_CXX_LANGUAGE_STANDARD = "gnu++0x";
				CLANG_CXX_LIBRARY = "libc++";
				CLANG_ENABLE_MODULES = YES;
				CLANG_ENABLE_OBJC_ARC = YES;
				CLANG_WARN_BOOL_CONVERSION = YES;
				CLANG_WARN_CONSTANT_CONVERSION = YES;
				CLANG_WARN_DIRECT_OBJC_ISA_USAGE = YES_ERROR;
				CLANG_WARN_EMPTY_BODY = YES;
				CLANG_WARN_ENUM_CONVERSION = YES;
				CLANG_WARN_INT_CONVERSION = YES;
				CLANG_WARN_OBJC_ROOT_CLASS = YES_ERROR;
				CLANG_WARN_UNREACHABLE_CODE = YES;
				CLANG_WARN__DUPLICATE_METHOD_MATCH = YES;
				"CODE_SIGN_IDENTITY[sdk=iphoneos*]" = "iPhone Developer";
				COPY_PHASE_STRIP = NO;
				ENABLE_STRICT_OBJC_MSGSEND = YES;
				GCC_C_LANGUAGE_STANDARD = gnu99;
				GCC_DYNAMIC_NO_PIC = NO;
				GCC_OPTIMIZATION_LEVEL = 0;
				GCC_PREPROCESSOR_DEFINITIONS = (
					"DEBUG=1",
					"$(inherited)",
				);
				GCC_SYMBOLS_PRIVATE_EXTERN = NO;
				GCC_WARN_64_TO_32_BIT_CONVERSION = YES;
				GCC_WARN_ABOUT_RETURN_TYPE = YES_ERROR;
				GCC_WARN_UNDECLARED_SELECTOR = YES;
				GCC_WARN_UNINITIALIZED_AUTOS = YES_AGGRESSIVE;
				GCC_WARN_UNUSED_FUNCTION = YES;
				GCC_WARN_UNUSED_VARIABLE = YES;
				IPHONEOS_DEPLOYMENT_TARGET = 8.1;
				MTL_ENABLE_DEBUG_INFO = YES;
				ONLY_ACTIVE_ARCH = YES;
				SDKROOT = iphoneos;
				TARGETED_DEVICE_FAMILY = "1,2";
			};
			name = Debug;
		};
		2DDA90E81AF888B500ADA5E8 /* Release */ = {
			isa = XCBuildConfiguration;
			buildSettings = {
				ALWAYS_SEARCH_USER_PATHS = NO;
				CLANG_CXX_LANGUAGE_STANDARD = "gnu++0x";
				CLANG_CXX_LIBRARY = "libc++";
				CLANG_ENABLE_MODULES = YES;
				CLANG_ENABLE_OBJC_ARC = YES;
				CLANG_WARN_BOOL_CONVERSION = YES;
				CLANG_WARN_CONSTANT_CONVERSION = YES;
				CLANG_WARN_DIRECT_OBJC_ISA_USAGE = YES_ERROR;
				CLANG_WARN_EMPTY_BODY = YES;
				CLANG_WARN_ENUM_CONVERSION = YES;
				CLANG_WARN_INT_CONVERSION = YES;
				CLANG_WARN_OBJC_ROOT_CLASS = YES_ERROR;
				CLANG_WARN_UNREACHABLE_CODE = YES;
				CLANG_WARN__DUPLICATE_METHOD_MATCH = YES;
				"CODE_SIGN_IDENTITY[sdk=iphoneos*]" = "iPhone Developer";
				COPY_PHASE_STRIP = YES;
				ENABLE_NS_ASSERTIONS = NO;
				ENABLE_STRICT_OBJC_MSGSEND = YES;
				GCC_C_LANGUAGE_STANDARD = gnu99;
				GCC_WARN_64_TO_32_BIT_CONVERSION = YES;
				GCC_WARN_ABOUT_RETURN_TYPE = YES_ERROR;
				GCC_WARN_UNDECLARED_SELECTOR = YES;
				GCC_WARN_UNINITIALIZED_AUTOS = YES_AGGRESSIVE;
				GCC_WARN_UNUSED_FUNCTION = YES;
				GCC_WARN_UNUSED_VARIABLE = YES;
				IPHONEOS_DEPLOYMENT_TARGET = 8.1;
				MTL_ENABLE_DEBUG_INFO = NO;
				SDKROOT = iphoneos;
				TARGETED_DEVICE_FAMILY = "1,2";
				VALIDATE_PRODUCT = YES;
			};
			name = Release;
		};
		2DDA90EA1AF888B500ADA5E8 /* Debug */ = {
			isa = XCBuildConfiguration;
			buildSettings = {
				ASSETCATALOG_COMPILER_APPICON_NAME = AppIcon;
				INFOPLIST_FILE = TestApp/Info.plist;
				LD_RUNPATH_SEARCH_PATHS = "$(inherited) @executable_path/Frameworks";
				PRODUCT_NAME = "$(TARGET_NAME)";
			};
			name = Debug;
		};
		2DDA90EB1AF888B500ADA5E8 /* Release */ = {
			isa = XCBuildConfiguration;
			buildSettings = {
				ASSETCATALOG_COMPILER_APPICON_NAME = AppIcon;
				INFOPLIST_FILE = TestApp/Info.plist;
				LD_RUNPATH_SEARCH_PATHS = "$(inherited) @executable_path/Frameworks";
				PRODUCT_NAME = "$(TARGET_NAME)";
			};
			name = Release;
		};
		2DDA90ED1AF888B500ADA5E8 /* Debug */ = {
			isa = XCBuildConfiguration;
			buildSettings = {
				BUNDLE_LOADER = "$(TEST_HOST)";
				FRAMEWORK_SEARCH_PATHS = (
					"$(SDKROOT)/Developer/Library/Frameworks",
					"$(inherited)",
				);
				GCC_PREPROCESSOR_DEFINITIONS = (
					"DEBUG=1",
					"$(inherited)",
				);
				INFOPLIST_FILE = TestAppTests/Info.plist;
				LD_RUNPATH_SEARCH_PATHS = "$(inherited) @executable_path/Frameworks @loader_path/Frameworks";
				PRODUCT_NAME = "$(TARGET_NAME)";
				TEST_HOST = "$(BUILT_PRODUCTS_DIR)/TestApp.app/TestApp";
			};
			name = Debug;
		};
		2DDA90EE1AF888B500ADA5E8 /* Release */ = {
			isa = XCBuildConfiguration;
			buildSettings = {
				BUNDLE_LOADER = "$(TEST_HOST)";
				FRAMEWORK_SEARCH_PATHS = (
					"$(SDKROOT)/Developer/Library/Frameworks",
					"$(inherited)",
				);
				INFOPLIST_FILE = TestAppTests/Info.plist;
				LD_RUNPATH_SEARCH_PATHS = "$(inherited) @executable_path/Frameworks @loader_path/Frameworks";
				PRODUCT_NAME = "$(TARGET_NAME)";
				TEST_HOST = "$(BUILT_PRODUCTS_DIR)/TestApp.app/TestApp";
			};
			name = Release;
		};
/* End XCBuildConfiguration section */

/* Begin XCConfigurationList section */
		2DDA90C11AF888B400ADA5E8 /* Build configuration list for PBXProject "TestApp" */ = {
			isa = XCConfigurationList;
			buildConfigurations = (
				2DDA90E71AF888B500ADA5E8 /* Debug */,
				2DDA90E81AF888B500ADA5E8 /* Release */,
			);
			defaultConfigurationIsVisible = 0;
			defaultConfigurationName = Release;
		};
		2DDA90E91AF888B500ADA5E8 /* Build configuration list for PBXNativeTarget "TestApp" */ = {
			isa = XCConfigurationList;
			buildConfigurations = (
				2DDA90EA1AF888B500ADA5E8 /* Debug */,
				2DDA90EB1AF888B500ADA5E8 /* Release */,
			);
			defaultConfigurationIsVisible = 0;
		};
		2DDA90EC1AF888B500ADA5E8 /* Build configuration list for PBXNativeTarget "TestAppTests" */ = {
			isa = XCConfigurationList;
			buildConfigurations = (
				2DDA90ED1AF888B500ADA5E8 /* Debug */,
				2DDA90EE1AF888B500ADA5E8 /* Release */,
			);
			defaultConfigurationIsVisible = 0;
		};
/* End XCConfigurationList section */
	};
	rootObject = 2DDA90BE1AF888B400ADA5E8 /* Project object */;
}
